
Microsoft Visual Studio Solution File, Format Version 11.00
# Visual Studio 2010
Project("{8BC9CEB8-8B4A-11D0-8D11-00A0C91BC942}") = "I4C3D", "I4C3D\I4C3D.vcxproj", "{7DEB3F09-623C-4A3D-AF97-E21F4FDF715F}"
EndProject
Global
	GlobalSection(SolutionConfigurationPlatforms) = preSolution
		Debug|Win32 = Debug|Win32
		Release|Win32 = Release|Win32
	EndGlobalSection
	GlobalSection(ProjectConfigurationPlatforms) = postSolution
		{7DEB3F09-623C-4A3D-AF97-E21F4FDF715F}.Debug|Win32.ActiveCfg = Debug|Win32
		{7DEB3F09-623C-4A3D-AF97-E21F4FDF715F}.Debug|Win32.Build.0 = Debug|Win32
		{7DEB3F09-623C-4A3D-AF97-E21F4FDF715F}.Release|Win32.ActiveCfg = Release|Win32
		{7DEB3F09-623C-4A3D-AF97-E21F4FDF715F}.Release|Win32.Build.0 = Release|Win32
	EndGlobalSection
	GlobalSection(SolutionProperties) = preSolution
		HideSolutionNode = FALSE
	EndGlobalSection
EndGlobal
